
Microsoft Visual Studio Solution File, Format Version 12.00
# Visual Studio Version 16
VisualStudioVersion = 16.0.30717.126
MinimumVisualStudioVersion = 10.0.40219.1
Project("{FAE04EC0-301F-11D3-BF4B-00C04F79EFBC}") = "WebApplication2", "WebApplication2\WebApplication2.csproj", "{A12516CE-7308-479E-A0F2-ED38B7B7ACCD}"
EndProject
Global
	GlobalSection(SolutionConfigurationPlatforms) = preSolution
		Debug|Any CPU = Debug|Any CPU
		Release|Any CPU = Release|Any CPU
	EndGlobalSection
	GlobalSection(ProjectConfigurationPlatforms) = postSolution
		{A12516CE-7308-479E-A0F2-ED38B7B7ACCD}.Debug|Any CPU.ActiveCfg = Debug|Any CPU
		{A12516CE-7308-479E-A0F2-ED38B7B7ACCD}.Debug|Any CPU.Build.0 = Debug|Any CPU
		{A12516CE-7308-479E-A0F2-ED38B7B7ACCD}.Release|Any CPU.ActiveCfg = Release|Any CPU
		{A12516CE-7308-479E-A0F2-ED38B7B7ACCD}.Release|Any CPU.Build.0 = Release|Any CPU
	EndGlobalSection
	GlobalSection(SolutionProperties) = preSolution
		HideSolutionNode = FALSE
	EndGlobalSection
	GlobalSection(ExtensibilityGlobals) = postSolution
		SolutionGuid = {CE81E428-0281-42A1-82CD-5C64FA9F6581}
	EndGlobalSection
EndGlobal
